
Microsoft Visual Studio Solution File, Format Version 12.00
# Visual Studio 2012
Project("{FAE04EC0-301F-11D3-BF4B-00C04F79EFBC}") = "SummaryReportMeetingTips", "SummaryReportMeetingTips\SummaryReportMeetingTips.csproj", "{8918E8E7-C0DC-4677-8D62-DFA89218146A}"
EndProject
Global
	GlobalSection(SolutionConfigurationPlatforms) = preSolution
		Debug|Any CPU = Debug|Any CPU
		Release|Any CPU = Release|Any CPU
	EndGlobalSection
	GlobalSection(ProjectConfigurationPlatforms) = postSolution
		{8918E8E7-C0DC-4677-8D62-DFA89218146A}.Debug|Any CPU.ActiveCfg = Debug|Any CPU
		{8918E8E7-C0DC-4677-8D62-DFA89218146A}.Debug|Any CPU.Build.0 = Debug|Any CPU
		{8918E8E7-C0DC-4677-8D62-DFA89218146A}.Release|Any CPU.ActiveCfg = Release|Any CPU
		{8918E8E7-C0DC-4677-8D62-DFA89218146A}.Release|Any CPU.Build.0 = Release|Any CPU
	EndGlobalSection
	GlobalSection(SolutionProperties) = preSolution
		HideSolutionNode = FALSE
	EndGlobalSection
EndGlobal
